
Microsoft Visual Studio Solution File, Format Version 12.00
# Visual Studio Version 17
VisualStudioVersion = 17.6.33815.320
MinimumVisualStudioVersion = 10.0.40219.1
Project("{8BC9CEB8-8B4A-11D0-8D11-00A0C91BC942}") = "ED_EXAMEN1", "ED_EXAMEN1\ED_EXAMEN1.vcxproj", "{9EAC6438-EBD4-4A59-A711-AE436D4CBE2F}"
EndProject
Global
	GlobalSection(SolutionConfigurationPlatforms) = preSolution
		Debug|x64 = Debug|x64
		Debug|x86 = Debug|x86
		Release|x64 = Release|x64
		Release|x86 = Release|x86
	EndGlobalSection
	GlobalSection(ProjectConfigurationPlatforms) = postSolution
		{9EAC6438-EBD4-4A59-A711-AE436D4CBE2F}.Debug|x64.ActiveCfg = Debug|x64
		{9EAC6438-EBD4-4A59-A711-AE436D4CBE2F}.Debug|x64.Build.0 = Debug|x64
		{9EAC6438-EBD4-4A59-A711-AE436D4CBE2F}.Debug|x86.ActiveCfg = Debug|Win32
		{9EAC6438-EBD4-4A59-A711-AE436D4CBE2F}.Debug|x86.Build.0 = Debug|Win32
		{9EAC6438-EBD4-4A59-A711-AE436D4CBE2F}.Release|x64.ActiveCfg = Release|x64
		{9EAC6438-EBD4-4A59-A711-AE436D4CBE2F}.Release|x64.Build.0 = Release|x64
		{9EAC6438-EBD4-4A59-A711-AE436D4CBE2F}.Release|x86.ActiveCfg = Release|Win32
		{9EAC6438-EBD4-4A59-A711-AE436D4CBE2F}.Release|x86.Build.0 = Release|Win32
	EndGlobalSection
	GlobalSection(SolutionProperties) = preSolution
		HideSolutionNode = FALSE
	EndGlobalSection
	GlobalSection(ExtensibilityGlobals) = postSolution
		SolutionGuid = {34D49F13-C02B-47FF-892A-62DEA8769A09}
	EndGlobalSection
EndGlobal
